
Microsoft Visual Studio Solution File, Format Version 12.00
# Visual Studio Version 16
VisualStudioVersion = 16.0.30804.86
MinimumVisualStudioVersion = 10.0.40219.1
Project("{FAE04EC0-301F-11D3-BF4B-00C04F79EFBC}") = "back-end", "back-end\back-end.csproj", "{9916C3F2-9A63-4776-8B34-F24A59DD7A75}"
EndProject
Global
	GlobalSection(SolutionConfigurationPlatforms) = preSolution
		Debug|Any CPU = Debug|Any CPU
		Release|Any CPU = Release|Any CPU
	EndGlobalSection
	GlobalSection(ProjectConfigurationPlatforms) = postSolution
		{9916C3F2-9A63-4776-8B34-F24A59DD7A75}.Debug|Any CPU.ActiveCfg = Debug|Any CPU
		{9916C3F2-9A63-4776-8B34-F24A59DD7A75}.Debug|Any CPU.Build.0 = Debug|Any CPU
		{9916C3F2-9A63-4776-8B34-F24A59DD7A75}.Release|Any CPU.ActiveCfg = Release|Any CPU
		{9916C3F2-9A63-4776-8B34-F24A59DD7A75}.Release|Any CPU.Build.0 = Release|Any CPU
	EndGlobalSection
	GlobalSection(SolutionProperties) = preSolution
		HideSolutionNode = FALSE
	EndGlobalSection
	GlobalSection(ExtensibilityGlobals) = postSolution
		SolutionGuid = {19216507-12BF-42DC-A935-DF1E26642B54}
	EndGlobalSection
EndGlobal
